{
  "originHash" : "c97a3c03b2eb3a5c5360498e2462cfc8121e3f462b887a7ef6d45c21fcc93616",
  "pins" : [
    {
      "identity" : "axstatebutton",
      "kind" : "remoteSourceControl",
      "location" : "https://github.com/Allogy/AXStateButton.git",
      "state" : {
        "revision" : "203e15f1b8778f5cf9d22f4158a17f31c00e9381",
        "version" : "1.2.1"
      }
    },
    {
      "identity" : "flanimatedimage",
      "kind" : "remoteSourceControl",
      "location" : "https://github.com/Flipboard/FLAnimatedImage.git",
      "state" : {
        "revision" : "d4f07b6f164d53c1212c3e54d6460738b1981e9f",
        "version" : "1.0.17"
      }
    }
  ],
  "version" : 3
}
